
Microsoft Visual Studio Solution File, Format Version 12.00
# Visual Studio Version 16
VisualStudioVersion = 16.0.31205.134
MinimumVisualStudioVersion = 10.0.40219.1
Project("{9A19103F-16F7-4668-BE54-9A1E7A4F7556}") = "Example-1", "Example-1\Example-1.csproj", "{0AEE361E-4DBB-4C76-9429-1582CFCB8757}"
EndProject
Project("{9A19103F-16F7-4668-BE54-9A1E7A4F7556}") = "ClassEx-2", "ClassEx-2\ClassEx-2.csproj", "{8EA12930-3EDC-4E42-A188-7B168F41979D}"
EndProject
Project("{9A19103F-16F7-4668-BE54-9A1E7A4F7556}") = "ConstructorEx-1", "ConstructorEx-1\ConstructorEx-1.csproj", "{A9956CAA-2AB0-4117-AA7D-B964A0A0738D}"
EndProject
Project("{9A19103F-16F7-4668-BE54-9A1E7A4F7556}") = "EncapsulationEx-1", "EncapsulationEx-1\EncapsulationEx-1.csproj", "{BA00D42F-B4E3-45FC-9740-4320EEDB8C9D}"
EndProject
Project("{9A19103F-16F7-4668-BE54-9A1E7A4F7556}") = "MethodEx-1", "MethodEx-1\MethodEx-1.csproj", "{7FA08BC5-02FE-489F-991F-A8BB4DE15F94}"
EndProject
Project("{9A19103F-16F7-4668-BE54-9A1E7A4F7556}") = "ArrayEx-1", "ArrayEx-1\ArrayEx-1.csproj", "{8B33D8EF-7C7C-4562-9982-9633CD5B2A85}"
EndProject
Project("{9A19103F-16F7-4668-BE54-9A1E7A4F7556}") = "ArrayEx-2", "ArrayEx-2\ArrayEx-2.csproj", "{9419773B-2579-4375-89D8-3EE7D61FB1A3}"
EndProject
Project("{9A19103F-16F7-4668-BE54-9A1E7A4F7556}") = "stringCompare", "stringCompare\stringCompare.csproj", "{AAA062B4-FA45-4210-B072-0DE92147C177}"
EndProject
Project("{9A19103F-16F7-4668-BE54-9A1E7A4F7556}") = "structureEx-1", "structureEx-1\structureEx-1.csproj", "{B8973866-3159-473A-9B51-917FFA2AC6D2}"
EndProject
Project("{9A19103F-16F7-4668-BE54-9A1E7A4F7556}") = "enumEx-1", "enumEx-1\enumEx-1.csproj", "{A15C64D6-EAFD-455E-BA4B-59D9BA7EDD0A}"
EndProject
Project("{9A19103F-16F7-4668-BE54-9A1E7A4F7556}") = "PolymorphismEx-1", "PolymorphismEx-1\PolymorphismEx-1.csproj", "{7A4E134E-537C-40ED-B492-DCBEC64470E7}"
EndProject
Project("{FAE04EC0-301F-11D3-BF4B-00C04F79EFBC}") = "OperatorEx-1", "OperatorEx-1\OperatorEx-1.csproj", "{FEB7AD6C-4073-4F8C-B090-229C789B0873}"
EndProject
Project("{FAE04EC0-301F-11D3-BF4B-00C04F79EFBC}") = "InterfaceEx-1", "InterfaceEx-1\InterfaceEx-1.csproj", "{6DDF5CCE-206F-45A5-ADCA-BF27C8D44190}"
EndProject
Global
	GlobalSection(SolutionConfigurationPlatforms) = preSolution
		Debug|Any CPU = Debug|Any CPU
		Release|Any CPU = Release|Any CPU
	EndGlobalSection
	GlobalSection(ProjectConfigurationPlatforms) = postSolution
		{0AEE361E-4DBB-4C76-9429-1582CFCB8757}.Debug|Any CPU.ActiveCfg = Debug|Any CPU
		{0AEE361E-4DBB-4C76-9429-1582CFCB8757}.Debug|Any CPU.Build.0 = Debug|Any CPU
		{0AEE361E-4DBB-4C76-9429-1582CFCB8757}.Release|Any CPU.ActiveCfg = Release|Any CPU
		{0AEE361E-4DBB-4C76-9429-1582CFCB8757}.Release|Any CPU.Build.0 = Release|Any CPU
		{8EA12930-3EDC-4E42-A188-7B168F41979D}.Debug|Any CPU.ActiveCfg = Debug|Any CPU
		{8EA12930-3EDC-4E42-A188-7B168F41979D}.Debug|Any CPU.Build.0 = Debug|Any CPU
		{8EA12930-3EDC-4E42-A188-7B168F41979D}.Release|Any CPU.ActiveCfg = Release|Any CPU
		{8EA12930-3EDC-4E42-A188-7B168F41979D}.Release|Any CPU.Build.0 = Release|Any CPU
		{A9956CAA-2AB0-4117-AA7D-B964A0A0738D}.Debug|Any CPU.ActiveCfg = Debug|Any CPU
		{A9956CAA-2AB0-4117-AA7D-B964A0A0738D}.Debug|Any CPU.Build.0 = Debug|Any CPU
		{A9956CAA-2AB0-4117-AA7D-B964A0A0738D}.Release|Any CPU.ActiveCfg = Release|Any CPU
		{A9956CAA-2AB0-4117-AA7D-B964A0A0738D}.Release|Any CPU.Build.0 = Release|Any CPU
		{BA00D42F-B4E3-45FC-9740-4320EEDB8C9D}.Debug|Any CPU.ActiveCfg = Debug|Any CPU
		{BA00D42F-B4E3-45FC-9740-4320EEDB8C9D}.Debug|Any CPU.Build.0 = Debug|Any CPU
		{BA00D42F-B4E3-45FC-9740-4320EEDB8C9D}.Release|Any CPU.ActiveCfg = Release|Any CPU
		{BA00D42F-B4E3-45FC-9740-4320EEDB8C9D}.Release|Any CPU.Build.0 = Release|Any CPU
		{7FA08BC5-02FE-489F-991F-A8BB4DE15F94}.Debug|Any CPU.ActiveCfg = Debug|Any CPU
		{7FA08BC5-02FE-489F-991F-A8BB4DE15F94}.Debug|Any CPU.Build.0 = Debug|Any CPU
		{7FA08BC5-02FE-489F-991F-A8BB4DE15F94}.Release|Any CPU.ActiveCfg = Release|Any CPU
		{7FA08BC5-02FE-489F-991F-A8BB4DE15F94}.Release|Any CPU.Build.0 = Release|Any CPU
		{8B33D8EF-7C7C-4562-9982-9633CD5B2A85}.Debug|Any CPU.ActiveCfg = Debug|Any CPU
		{8B33D8EF-7C7C-4562-9982-9633CD5B2A85}.Debug|Any CPU.Build.0 = Debug|Any CPU
		{8B33D8EF-7C7C-4562-9982-9633CD5B2A85}.Release|Any CPU.ActiveCfg = Release|Any CPU
		{8B33D8EF-7C7C-4562-9982-9633CD5B2A85}.Release|Any CPU.Build.0 = Release|Any CPU
		{9419773B-2579-4375-89D8-3EE7D61FB1A3}.Debug|Any CPU.ActiveCfg = Debug|Any CPU
		{9419773B-2579-4375-89D8-3EE7D61FB1A3}.Debug|Any CPU.Build.0 = Debug|Any CPU
		{9419773B-2579-4375-89D8-3EE7D61FB1A3}.Release|Any CPU.ActiveCfg = Release|Any CPU
		{9419773B-2579-4375-89D8-3EE7D61FB1A3}.Release|Any CPU.Build.0 = Release|Any CPU
		{AAA062B4-FA45-4210-B072-0DE92147C177}.Debug|Any CPU.ActiveCfg = Debug|Any CPU
		{AAA062B4-FA45-4210-B072-0DE92147C177}.Debug|Any CPU.Build.0 = Debug|Any CPU
		{AAA062B4-FA45-4210-B072-0DE92147C177}.Release|Any CPU.ActiveCfg = Release|Any CPU
		{AAA062B4-FA45-4210-B072-0DE92147C177}.Release|Any CPU.Build.0 = Release|Any CPU
		{B8973866-3159-473A-9B51-917FFA2AC6D2}.Debug|Any CPU.ActiveCfg = Debug|Any CPU
		{B8973866-3159-473A-9B51-917FFA2AC6D2}.Debug|Any CPU.Build.0 = Debug|Any CPU
		{B8973866-3159-473A-9B51-917FFA2AC6D2}.Release|Any CPU.ActiveCfg = Release|Any CPU
		{B8973866-3159-473A-9B51-917FFA2AC6D2}.Release|Any CPU.Build.0 = Release|Any CPU
		{A15C64D6-EAFD-455E-BA4B-59D9BA7EDD0A}.Debug|Any CPU.ActiveCfg = Debug|Any CPU
		{A15C64D6-EAFD-455E-BA4B-59D9BA7EDD0A}.Debug|Any CPU.Build.0 = Debug|Any CPU
		{A15C64D6-EAFD-455E-BA4B-59D9BA7EDD0A}.Release|Any CPU.ActiveCfg = Release|Any CPU
		{A15C64D6-EAFD-455E-BA4B-59D9BA7EDD0A}.Release|Any CPU.Build.0 = Release|Any CPU
		{7A4E134E-537C-40ED-B492-DCBEC64470E7}.Debug|Any CPU.ActiveCfg = Debug|Any CPU
		{7A4E134E-537C-40ED-B492-DCBEC64470E7}.Debug|Any CPU.Build.0 = Debug|Any CPU
		{7A4E134E-537C-40ED-B492-DCBEC64470E7}.Release|Any CPU.ActiveCfg = Release|Any CPU
		{7A4E134E-537C-40ED-B492-DCBEC64470E7}.Release|Any CPU.Build.0 = Release|Any CPU
		{FEB7AD6C-4073-4F8C-B090-229C789B0873}.Debug|Any CPU.ActiveCfg = Debug|Any CPU
		{FEB7AD6C-4073-4F8C-B090-229C789B0873}.Debug|Any CPU.Build.0 = Debug|Any CPU
		{FEB7AD6C-4073-4F8C-B090-229C789B0873}.Release|Any CPU.ActiveCfg = Release|Any CPU
		{FEB7AD6C-4073-4F8C-B090-229C789B0873}.Release|Any CPU.Build.0 = Release|Any CPU
		{6DDF5CCE-206F-45A5-ADCA-BF27C8D44190}.Debug|Any CPU.ActiveCfg = Debug|Any CPU
		{6DDF5CCE-206F-45A5-ADCA-BF27C8D44190}.Debug|Any CPU.Build.0 = Debug|Any CPU
		{6DDF5CCE-206F-45A5-ADCA-BF27C8D44190}.Release|Any CPU.ActiveCfg = Release|Any CPU
		{6DDF5CCE-206F-45A5-ADCA-BF27C8D44190}.Release|Any CPU.Build.0 = Release|Any CPU
	EndGlobalSection
	GlobalSection(SolutionProperties) = preSolution
		HideSolutionNode = FALSE
	EndGlobalSection
	GlobalSection(ExtensibilityGlobals) = postSolution
		SolutionGuid = {B5864F79-30C2-453E-96FF-EBAB2126A8B7}
	EndGlobalSection
EndGlobal
